
Microsoft Visual Studio Solution File, Format Version 12.00
# Visual Studio Version 16
VisualStudioVersion = 25.0.1704.0
MinimumVisualStudioVersion = 10.0.40219.1
Project("{FAE04EC0-301F-11D3-BF4B-00C04F79EFBC}") = "shapesAPI", "shapesAPI\shapesAPI.csproj", "{9B5D24A4-842E-4B17-8E59-3BB07DDFEE0A}"
EndProject
Global
	GlobalSection(SolutionConfigurationPlatforms) = preSolution
		Debug|Any CPU = Debug|Any CPU
		Release|Any CPU = Release|Any CPU
	EndGlobalSection
	GlobalSection(ProjectConfigurationPlatforms) = postSolution
		{9B5D24A4-842E-4B17-8E59-3BB07DDFEE0A}.Debug|Any CPU.ActiveCfg = Debug|Any CPU
		{9B5D24A4-842E-4B17-8E59-3BB07DDFEE0A}.Debug|Any CPU.Build.0 = Debug|Any CPU
		{9B5D24A4-842E-4B17-8E59-3BB07DDFEE0A}.Release|Any CPU.ActiveCfg = Release|Any CPU
		{9B5D24A4-842E-4B17-8E59-3BB07DDFEE0A}.Release|Any CPU.Build.0 = Release|Any CPU
	EndGlobalSection
	GlobalSection(SolutionProperties) = preSolution
		HideSolutionNode = FALSE
	EndGlobalSection
	GlobalSection(ExtensibilityGlobals) = postSolution
		SolutionGuid = {0506F070-5F94-42AE-BCC9-F09670A70838}
	EndGlobalSection
EndGlobal
